
Microsoft Visual Studio Solution File, Format Version 12.00
# Visual Studio Version 16
VisualStudioVersion = 16.0.29509.3
MinimumVisualStudioVersion = 10.0.40219.1
Project("{9A19103F-16F7-4668-BE54-9A1E7A4F7556}") = "AspNetCoreAngularSignalR", "src\AspNetCoreAngularSignalR\AspNetCoreAngularSignalR.csproj", "{40085317-5EE8-4719-A90B-22BD9685B7A7}"
EndProject
Project("{2150E333-8FDC-42A3-9474-1A3956D46DE8}") = "Solution Items", "Solution Items", "{23B1A0C4-07DB-4A9C-9FDE-7CF33321DE87}"
	ProjectSection(SolutionItems) = preProject
		appveyor.yml = appveyor.yml
		README.md = README.md
	EndProjectSection
EndProject
Project("{9A19103F-16F7-4668-BE54-9A1E7A4F7556}") = "ConsoleSignalRMessagePack", "src\ConsoleSignalRMessagePack\ConsoleSignalRMessagePack.csproj", "{ED2C96AC-3A72-4799-8225-218AF295C46F}"
EndProject
Project("{9A19103F-16F7-4668-BE54-9A1E7A4F7556}") = "Dtos", "src\Dtos\Dtos.csproj", "{89B826FE-5AC1-4A91-B781-48BD883C9BBA}"
EndProject
Global
	GlobalSection(SolutionConfigurationPlatforms) = preSolution
		Debug|Any CPU = Debug|Any CPU
		Debug|x64 = Debug|x64
		Debug|x86 = Debug|x86
		Release|Any CPU = Release|Any CPU
		Release|x64 = Release|x64
		Release|x86 = Release|x86
	EndGlobalSection
	GlobalSection(ProjectConfigurationPlatforms) = postSolution
		{40085317-5EE8-4719-A90B-22BD9685B7A7}.Debug|Any CPU.ActiveCfg = Debug|Any CPU
		{40085317-5EE8-4719-A90B-22BD9685B7A7}.Debug|Any CPU.Build.0 = Debug|Any CPU
		{40085317-5EE8-4719-A90B-22BD9685B7A7}.Debug|x64.ActiveCfg = Debug|Any CPU
		{40085317-5EE8-4719-A90B-22BD9685B7A7}.Debug|x64.Build.0 = Debug|Any CPU
		{40085317-5EE8-4719-A90B-22BD9685B7A7}.Debug|x86.ActiveCfg = Debug|Any CPU
		{40085317-5EE8-4719-A90B-22BD9685B7A7}.Debug|x86.Build.0 = Debug|Any CPU
		{40085317-5EE8-4719-A90B-22BD9685B7A7}.Release|Any CPU.ActiveCfg = Release|Any CPU
		{40085317-5EE8-4719-A90B-22BD9685B7A7}.Release|Any CPU.Build.0 = Release|Any CPU
		{40085317-5EE8-4719-A90B-22BD9685B7A7}.Release|x64.ActiveCfg = Release|Any CPU
		{40085317-5EE8-4719-A90B-22BD9685B7A7}.Release|x64.Build.0 = Release|Any CPU
		{40085317-5EE8-4719-A90B-22BD9685B7A7}.Release|x86.ActiveCfg = Release|Any CPU
		{40085317-5EE8-4719-A90B-22BD9685B7A7}.Release|x86.Build.0 = Release|Any CPU
		{ED2C96AC-3A72-4799-8225-218AF295C46F}.Debug|Any CPU.ActiveCfg = Debug|Any CPU
		{ED2C96AC-3A72-4799-8225-218AF295C46F}.Debug|Any CPU.Build.0 = Debug|Any CPU
		{ED2C96AC-3A72-4799-8225-218AF295C46F}.Debug|x64.ActiveCfg = Debug|Any CPU
		{ED2C96AC-3A72-4799-8225-218AF295C46F}.Debug|x64.Build.0 = Debug|Any CPU
		{ED2C96AC-3A72-4799-8225-218AF295C46F}.Debug|x86.ActiveCfg = Debug|Any CPU
		{ED2C96AC-3A72-4799-8225-218AF295C46F}.Debug|x86.Build.0 = Debug|Any CPU
		{ED2C96AC-3A72-4799-8225-218AF295C46F}.Release|Any CPU.ActiveCfg = Release|Any CPU
		{ED2C96AC-3A72-4799-8225-218AF295C46F}.Release|Any CPU.Build.0 = Release|Any CPU
		{ED2C96AC-3A72-4799-8225-218AF295C46F}.Release|x64.ActiveCfg = Release|Any CPU
		{ED2C96AC-3A72-4799-8225-218AF295C46F}.Release|x64.Build.0 = Release|Any CPU
		{ED2C96AC-3A72-4799-8225-218AF295C46F}.Release|x86.ActiveCfg = Release|Any CPU
		{ED2C96AC-3A72-4799-8225-218AF295C46F}.Release|x86.Build.0 = Release|Any CPU
		{89B826FE-5AC1-4A91-B781-48BD883C9BBA}.Debug|Any CPU.ActiveCfg = Debug|Any CPU
		{89B826FE-5AC1-4A91-B781-48BD883C9BBA}.Debug|Any CPU.Build.0 = Debug|Any CPU
		{89B826FE-5AC1-4A91-B781-48BD883C9BBA}.Debug|x64.ActiveCfg = Debug|Any CPU
		{89B826FE-5AC1-4A91-B781-48BD883C9BBA}.Debug|x64.Build.0 = Debug|Any CPU
		{89B826FE-5AC1-4A91-B781-48BD883C9BBA}.Debug|x86.ActiveCfg = Debug|Any CPU
		{89B826FE-5AC1-4A91-B781-48BD883C9BBA}.Debug|x86.Build.0 = Debug|Any CPU
		{89B826FE-5AC1-4A91-B781-48BD883C9BBA}.Release|Any CPU.ActiveCfg = Release|Any CPU
		{89B826FE-5AC1-4A91-B781-48BD883C9BBA}.Release|Any CPU.Build.0 = Release|Any CPU
		{89B826FE-5AC1-4A91-B781-48BD883C9BBA}.Release|x64.ActiveCfg = Release|Any CPU
		{89B826FE-5AC1-4A91-B781-48BD883C9BBA}.Release|x64.Build.0 = Release|Any CPU
		{89B826FE-5AC1-4A91-B781-48BD883C9BBA}.Release|x86.ActiveCfg = Release|Any CPU
		{89B826FE-5AC1-4A91-B781-48BD883C9BBA}.Release|x86.Build.0 = Release|Any CPU
	EndGlobalSection
	GlobalSection(SolutionProperties) = preSolution
		HideSolutionNode = FALSE
	EndGlobalSection
	GlobalSection(ExtensibilityGlobals) = postSolution
		SolutionGuid = {513D1D85-4FB5-41C2-BA27-D6707D229240}
	EndGlobalSection
EndGlobal
